
Microsoft Visual Studio Solution File, Format Version 12.00
# Visual Studio 2013
VisualStudioVersion = 12.0.31101.0
MinimumVisualStudioVersion = 10.0.40219.1
Project("{FAE04EC0-301F-11D3-BF4B-00C04F79EFBC}") = "Web", "Web\Web.csproj", "{53359E58-8020-442B-84D2-00298BD09BC8}"
EndProject
Project("{FAE04EC0-301F-11D3-BF4B-00C04F79EFBC}") = "Web.Tests", "Web.Tests\Web.Tests.csproj", "{CEC5FB89-6243-4001-8519-32826DD6FC76}"
EndProject
Global
	GlobalSection(SolutionConfigurationPlatforms) = preSolution
		Debug|Any CPU = Debug|Any CPU
		Release|Any CPU = Release|Any CPU
	EndGlobalSection
	GlobalSection(ProjectConfigurationPlatforms) = postSolution
		{53359E58-8020-442B-84D2-00298BD09BC8}.Debug|Any CPU.ActiveCfg = Debug|Any CPU
		{53359E58-8020-442B-84D2-00298BD09BC8}.Debug|Any CPU.Build.0 = Debug|Any CPU
		{53359E58-8020-442B-84D2-00298BD09BC8}.Release|Any CPU.ActiveCfg = Release|Any CPU
		{53359E58-8020-442B-84D2-00298BD09BC8}.Release|Any CPU.Build.0 = Release|Any CPU
		{CEC5FB89-6243-4001-8519-32826DD6FC76}.Debug|Any CPU.ActiveCfg = Debug|Any CPU
		{CEC5FB89-6243-4001-8519-32826DD6FC76}.Debug|Any CPU.Build.0 = Debug|Any CPU
		{CEC5FB89-6243-4001-8519-32826DD6FC76}.Release|Any CPU.ActiveCfg = Release|Any CPU
		{CEC5FB89-6243-4001-8519-32826DD6FC76}.Release|Any CPU.Build.0 = Release|Any CPU
	EndGlobalSection
	GlobalSection(SolutionProperties) = preSolution
		HideSolutionNode = FALSE
	EndGlobalSection
EndGlobal
